{
    "_readme": [
        "This file locks the dependencies of your project to a known state",
        "Read more about it at https://getcomposer.org/doc/01-basic-usage.md#installing-dependencies",
        "This file is @generated automatically"
    ],
    "content-hash": "e2fd96da610ed53d3a5bb87918d16584",
    "packages": [
        {
            "name": "beta/bitrix-psr17",
            "version": "1.0.0",
            "source": {
                "type": "git",
                "url": "https://github.com/beta-eto-code/bitrix-psr17.git",
                "reference": "b14727303ff95242f365252e167cdd6bc3fe9300"
            },
            "dist": {
                "type": "zip",
                "url": "https://api.github.com/repos/beta-eto-code/bitrix-psr17/zipball/b14727303ff95242f365252e167cdd6bc3fe9300",
                "reference": "b14727303ff95242f365252e167cdd6bc3fe9300",
                "shasum": ""
            },
            "require": {
                "guzzlehttp/psr7": "^1.8",
                "psr/http-factory": "^1.0"
            },
            "type": "library",
            "autoload": {
                "psr-4": {
                    "BitrixPSR17\\": "src/"
                }
            },
            "notification-url": "https://packagist.org/downloads/",
            "license": [
                "MIT"
            ],
            "description": "PSR-17 implementation for Bitrix",
            "support": {
                "issues": "https://github.com/beta-eto-code/bitrix-psr17/issues",
                "source": "https://github.com/beta-eto-code/bitrix-psr17/tree/1.0.0"
            },
            "time": "2021-05-24T18:17:03+00:00"
        },
        {
            "name": "beta/bitrix-psr7",
            "version": "1.0.0",
            "source": {
                "type": "git",
                "url": "https://github.com/beta-eto-code/bitrix-psr7.git",
                "reference": "a1ade03612dc3ed330296f481c49f9e7d4e98bcb"
            },
            "dist": {
                "type": "zip",
                "url": "https://api.github.com/repos/beta-eto-code/bitrix-psr7/zipball/a1ade03612dc3ed330296f481c49f9e7d4e98bcb",
                "reference": "a1ade03612dc3ed330296f481c49f9e7d4e98bcb",
                "shasum": ""
            },
            "require": {
                "guzzlehttp/psr7": "^1.8",
                "php": ">=7.2"
            },
            "type": "library",
            "autoload": {
                "psr-4": {
                    "BitrixPSR7\\": "src/"
                }
            },
            "notification-url": "https://packagist.org/downloads/",
            "license": [
                "MIT"
            ],
            "authors": [
                {
                    "name": "Alexander Nesterov",
                    "email": "alex19pov31@gmail.com"
                }
            ],
            "description": "PSR-7 adapter for Bitrix",
            "support": {
                "issues": "https://github.com/beta-eto-code/bitrix-psr7/issues",
                "source": "https://github.com/beta-eto-code/bitrix-psr7/tree/1.0.0"
            },
            "time": "2021-05-24T18:11:58+00:00"
        },
        {
            "name": "beta/bx.jwt",
            "version": "1.0.0",
            "source": {
                "type": "git",
                "url": "https://github.com/beta-eto-code/bx.jwt.git",
                "reference": "1b89a084b50a0e67c808d5a5798f6e027a6fd79d"
            },
            "dist": {
                "type": "zip",
                "url": "https://api.github.com/repos/beta-eto-code/bx.jwt/zipball/1b89a084b50a0e67c808d5a5798f6e027a6fd79d",
                "reference": "1b89a084b50a0e67c808d5a5798f6e027a6fd79d",
                "shasum": ""
            },
            "require": {
                "beta/bx.model": "^1.0"
            },
            "type": "bitrix-module",
            "notification-url": "https://packagist.org/downloads/",
            "license": [
                "MIT"
            ],
            "authors": [
                {
                    "name": "Alexander Nesterov",
                    "email": "alex19pov31@gmail.com"
                }
            ],
            "description": "JWT tokens for Bitrix app",
            "support": {
                "issues": "https://github.com/beta-eto-code/bx.jwt/issues",
                "source": "https://github.com/beta-eto-code/bx.jwt/tree/1.0.0"
            },
            "time": "2021-07-14T18:49:26+00:00"
        },
        {
            "name": "beta/bx.model",
            "version": "1.0.0",
            "source": {
                "type": "git",
                "url": "https://github.com/beta-eto-code/bx.model.git",
                "reference": "8d7446eee24bcd798150b1eccd5d52571c737539"
            },
            "dist": {
                "type": "zip",
                "url": "https://api.github.com/repos/beta-eto-code/bx.model/zipball/8d7446eee24bcd798150b1eccd5d52571c737539",
                "reference": "8d7446eee24bcd798150b1eccd5d52571c737539",
                "shasum": ""
            },
            "type": "bitrix-module",
            "notification-url": "https://packagist.org/downloads/",
            "license": [
                "MIT"
            ],
            "authors": [
                {
                    "name": "Alexander Nesterov",
                    "email": "alex19pov31@gmail.com"
                }
            ],
            "support": {
                "issues": "https://github.com/beta-eto-code/bx.model/issues",
                "source": "https://github.com/beta-eto-code/bx.model/tree/1.0.0"
            },
            "time": "2021-07-14T16:22:19+00:00"
        },
        {
            "name": "beta/bx.router",
            "version": "1.0.0",
            "source": {
                "type": "git",
                "url": "https://github.com/beta-eto-code/bx.router.git",
                "reference": "4591ad7b3de1aef72edce4104cdb4defd38b7521"
            },
            "dist": {
                "type": "zip",
                "url": "https://api.github.com/repos/beta-eto-code/bx.router/zipball/4591ad7b3de1aef72edce4104cdb4defd38b7521",
                "reference": "4591ad7b3de1aef72edce4104cdb4defd38b7521",
                "shasum": ""
            },
            "require": {
                "beta/bitrix-psr17": "^1.0",
                "beta/bitrix-psr7": "^1.0",
                "beta/bx.model": "^1.0",
                "ext-json": "*",
                "php": ">=7.2",
                "psr/http-factory": "^1.0",
                "psr/http-message": "^1.0",
                "psr/http-server-handler": "^1.0",
                "psr/http-server-middleware": "^1.0"
            },
            "type": "bitrix-module",
            "license": [
                "MIT"
            ],
            "authors": [
                {
                    "name": "Alexander Nesterov",
                    "email": "alex19pov31@gmail.com"
                }
            ],
            "description": "Routing for Bitrix app",
            "support": {
                "source": "https://github.com/beta-eto-code/bx.router/tree/1.0.0",
                "issues": "https://github.com/beta-eto-code/bx.router/issues"
            },
            "time": "2021-07-14T18:57:57+00:00"
        },
        {
            "name": "fakerphp/faker",
            "version": "v1.15.0",
            "source": {
                "type": "git",
                "url": "https://github.com/FakerPHP/Faker.git",
                "reference": "89c6201c74db25fa759ff16e78a4d8f32547770e"
            },
            "dist": {
                "type": "zip",
                "url": "https://api.github.com/repos/FakerPHP/Faker/zipball/89c6201c74db25fa759ff16e78a4d8f32547770e",
                "reference": "89c6201c74db25fa759ff16e78a4d8f32547770e",
                "shasum": ""
            },
            "require": {
                "php": "^7.1 || ^8.0",
                "psr/container": "^1.0",
                "symfony/deprecation-contracts": "^2.2"
            },
            "conflict": {
                "fzaninotto/faker": "*"
            },
            "require-dev": {
                "bamarni/composer-bin-plugin": "^1.4.1",
                "ext-intl": "*",
                "symfony/phpunit-bridge": "^4.4 || ^5.2"
            },
            "suggest": {
                "ext-curl": "Required by Faker\\Provider\\Image to download images.",
                "ext-dom": "Required by Faker\\Provider\\HtmlLorem for generating random HTML.",
                "ext-iconv": "Required by Faker\\Provider\\ru_RU\\Text::realText() for generating real Russian text.",
                "ext-mbstring": "Required for multibyte Unicode string functionality."
            },
            "type": "library",
            "extra": {
                "branch-alias": {
                    "dev-main": "v1.15-dev"
                }
            },
            "autoload": {
                "psr-4": {
                    "Faker\\": "src/Faker/"
                }
            },
            "notification-url": "https://packagist.org/downloads/",
            "license": [
                "MIT"
            ],
            "authors": [
                {
                    "name": "François Zaninotto"
                }
            ],
            "description": "Faker is a PHP library that generates fake data for you.",
            "keywords": [
                "data",
                "faker",
                "fixtures"
            ],
            "support": {
                "issues": "https://github.com/FakerPHP/Faker/issues",
                "source": "https://github.com/FakerPHP/Faker/tree/v1.15.0"
            },
            "time": "2021-07-06T20:39:40+00:00"
        },
        {
            "name": "guzzlehttp/psr7",
            "version": "1.8.2",
            "source": {
                "type": "git",
                "url": "https://github.com/guzzle/psr7.git",
                "reference": "dc960a912984efb74d0a90222870c72c87f10c91"
            },
            "dist": {
                "type": "zip",
                "url": "https://api.github.com/repos/guzzle/psr7/zipball/dc960a912984efb74d0a90222870c72c87f10c91",
                "reference": "dc960a912984efb74d0a90222870c72c87f10c91",
                "shasum": ""
            },
            "require": {
                "php": ">=5.4.0",
                "psr/http-message": "~1.0",
                "ralouphie/getallheaders": "^2.0.5 || ^3.0.0"
            },
            "provide": {
                "psr/http-message-implementation": "1.0"
            },
            "require-dev": {
                "ext-zlib": "*",
                "phpunit/phpunit": "~4.8.36 || ^5.7.27 || ^6.5.14 || ^7.5.20 || ^8.5.8 || ^9.3.10"
            },
            "suggest": {
                "laminas/laminas-httphandlerrunner": "Emit PSR-7 responses"
            },
            "type": "library",
            "extra": {
                "branch-alias": {
                    "dev-master": "1.7-dev"
                }
            },
            "autoload": {
                "psr-4": {
                    "GuzzleHttp\\Psr7\\": "src/"
                },
                "files": [
                    "src/functions_include.php"
                ]
            },
            "notification-url": "https://packagist.org/downloads/",
            "license": [
                "MIT"
            ],
            "authors": [
                {
                    "name": "Michael Dowling",
                    "email": "mtdowling@gmail.com",
                    "homepage": "https://github.com/mtdowling"
                },
                {
                    "name": "Tobias Schultze",
                    "homepage": "https://github.com/Tobion"
                }
            ],
            "description": "PSR-7 message implementation that also provides common utility methods",
            "keywords": [
                "http",
                "message",
                "psr-7",
                "request",
                "response",
                "stream",
                "uri",
                "url"
            ],
            "support": {
                "issues": "https://github.com/guzzle/psr7/issues",
                "source": "https://github.com/guzzle/psr7/tree/1.8.2"
            },
            "time": "2021-04-26T09:17:50+00:00"
        },
        {
            "name": "psr/container",
            "version": "1.1.1",
            "source": {
                "type": "git",
                "url": "https://github.com/php-fig/container.git",
                "reference": "8622567409010282b7aeebe4bb841fe98b58dcaf"
            },
            "dist": {
                "type": "zip",
                "url": "https://api.github.com/repos/php-fig/container/zipball/8622567409010282b7aeebe4bb841fe98b58dcaf",
                "reference": "8622567409010282b7aeebe4bb841fe98b58dcaf",
                "shasum": ""
            },
            "require": {
                "php": ">=7.2.0"
            },
            "type": "library",
            "autoload": {
                "psr-4": {
                    "Psr\\Container\\": "src/"
                }
            },
            "notification-url": "https://packagist.org/downloads/",
            "license": [
                "MIT"
            ],
            "authors": [
                {
                    "name": "PHP-FIG",
                    "homepage": "https://www.php-fig.org/"
                }
            ],
            "description": "Common Container Interface (PHP FIG PSR-11)",
            "homepage": "https://github.com/php-fig/container",
            "keywords": [
                "PSR-11",
                "container",
                "container-interface",
                "container-interop",
                "psr"
            ],
            "support": {
                "issues": "https://github.com/php-fig/container/issues",
                "source": "https://github.com/php-fig/container/tree/1.1.1"
            },
            "time": "2021-03-05T17:36:06+00:00"
        },
        {
            "name": "psr/http-factory",
            "version": "1.0.1",
            "source": {
                "type": "git",
                "url": "https://github.com/php-fig/http-factory.git",
                "reference": "12ac7fcd07e5b077433f5f2bee95b3a771bf61be"
            },
            "dist": {
                "type": "zip",
                "url": "https://api.github.com/repos/php-fig/http-factory/zipball/12ac7fcd07e5b077433f5f2bee95b3a771bf61be",
                "reference": "12ac7fcd07e5b077433f5f2bee95b3a771bf61be",
                "shasum": ""
            },
            "require": {
                "php": ">=7.0.0",
                "psr/http-message": "^1.0"
            },
            "type": "library",
            "extra": {
                "branch-alias": {
                    "dev-master": "1.0.x-dev"
                }
            },
            "autoload": {
                "psr-4": {
                    "Psr\\Http\\Message\\": "src/"
                }
            },
            "notification-url": "https://packagist.org/downloads/",
            "license": [
                "MIT"
            ],
            "authors": [
                {
                    "name": "PHP-FIG",
                    "homepage": "http://www.php-fig.org/"
                }
            ],
            "description": "Common interfaces for PSR-7 HTTP message factories",
            "keywords": [
                "factory",
                "http",
                "message",
                "psr",
                "psr-17",
                "psr-7",
                "request",
                "response"
            ],
            "support": {
                "source": "https://github.com/php-fig/http-factory/tree/master"
            },
            "time": "2019-04-30T12:38:16+00:00"
        },
        {
            "name": "psr/http-message",
            "version": "1.0.1",
            "source": {
                "type": "git",
                "url": "https://github.com/php-fig/http-message.git",
                "reference": "f6561bf28d520154e4b0ec72be95418abe6d9363"
            },
            "dist": {
                "type": "zip",
                "url": "https://api.github.com/repos/php-fig/http-message/zipball/f6561bf28d520154e4b0ec72be95418abe6d9363",
                "reference": "f6561bf28d520154e4b0ec72be95418abe6d9363",
                "shasum": ""
            },
            "require": {
                "php": ">=5.3.0"
            },
            "type": "library",
            "extra": {
                "branch-alias": {
                    "dev-master": "1.0.x-dev"
                }
            },
            "autoload": {
                "psr-4": {
                    "Psr\\Http\\Message\\": "src/"
                }
            },
            "notification-url": "https://packagist.org/downloads/",
            "license": [
                "MIT"
            ],
            "authors": [
                {
                    "name": "PHP-FIG",
                    "homepage": "http://www.php-fig.org/"
                }
            ],
            "description": "Common interface for HTTP messages",
            "homepage": "https://github.com/php-fig/http-message",
            "keywords": [
                "http",
                "http-message",
                "psr",
                "psr-7",
                "request",
                "response"
            ],
            "support": {
                "source": "https://github.com/php-fig/http-message/tree/master"
            },
            "time": "2016-08-06T14:39:51+00:00"
        },
        {
            "name": "psr/http-server-handler",
            "version": "1.0.1",
            "source": {
                "type": "git",
                "url": "https://github.com/php-fig/http-server-handler.git",
                "reference": "aff2f80e33b7f026ec96bb42f63242dc50ffcae7"
            },
            "dist": {
                "type": "zip",
                "url": "https://api.github.com/repos/php-fig/http-server-handler/zipball/aff2f80e33b7f026ec96bb42f63242dc50ffcae7",
                "reference": "aff2f80e33b7f026ec96bb42f63242dc50ffcae7",
                "shasum": ""
            },
            "require": {
                "php": ">=7.0",
                "psr/http-message": "^1.0"
            },
            "type": "library",
            "extra": {
                "branch-alias": {
                    "dev-master": "1.0.x-dev"
                }
            },
            "autoload": {
                "psr-4": {
                    "Psr\\Http\\Server\\": "src/"
                }
            },
            "notification-url": "https://packagist.org/downloads/",
            "license": [
                "MIT"
            ],
            "authors": [
                {
                    "name": "PHP-FIG",
                    "homepage": "http://www.php-fig.org/"
                }
            ],
            "description": "Common interface for HTTP server-side request handler",
            "keywords": [
                "handler",
                "http",
                "http-interop",
                "psr",
                "psr-15",
                "psr-7",
                "request",
                "response",
                "server"
            ],
            "support": {
                "issues": "https://github.com/php-fig/http-server-handler/issues",
                "source": "https://github.com/php-fig/http-server-handler/tree/master"
            },
            "time": "2018-10-30T16:46:14+00:00"
        },
        {
            "name": "psr/http-server-middleware",
            "version": "1.0.1",
            "source": {
                "type": "git",
                "url": "https://github.com/php-fig/http-server-middleware.git",
                "reference": "2296f45510945530b9dceb8bcedb5cb84d40c5f5"
            },
            "dist": {
                "type": "zip",
                "url": "https://api.github.com/repos/php-fig/http-server-middleware/zipball/2296f45510945530b9dceb8bcedb5cb84d40c5f5",
                "reference": "2296f45510945530b9dceb8bcedb5cb84d40c5f5",
                "shasum": ""
            },
            "require": {
                "php": ">=7.0",
                "psr/http-message": "^1.0",
                "psr/http-server-handler": "^1.0"
            },
            "type": "library",
            "extra": {
                "branch-alias": {
                    "dev-master": "1.0.x-dev"
                }
            },
            "autoload": {
                "psr-4": {
                    "Psr\\Http\\Server\\": "src/"
                }
            },
            "notification-url": "https://packagist.org/downloads/",
            "license": [
                "MIT"
            ],
            "authors": [
                {
                    "name": "PHP-FIG",
                    "homepage": "http://www.php-fig.org/"
                }
            ],
            "description": "Common interface for HTTP server-side middleware",
            "keywords": [
                "http",
                "http-interop",
                "middleware",
                "psr",
                "psr-15",
                "psr-7",
                "request",
                "response"
            ],
            "support": {
                "issues": "https://github.com/php-fig/http-server-middleware/issues",
                "source": "https://github.com/php-fig/http-server-middleware/tree/master"
            },
            "time": "2018-10-30T17:12:04+00:00"
        },
        {
            "name": "ralouphie/getallheaders",
            "version": "3.0.3",
            "source": {
                "type": "git",
                "url": "https://github.com/ralouphie/getallheaders.git",
                "reference": "120b605dfeb996808c31b6477290a714d356e822"
            },
            "dist": {
                "type": "zip",
                "url": "https://api.github.com/repos/ralouphie/getallheaders/zipball/120b605dfeb996808c31b6477290a714d356e822",
                "reference": "120b605dfeb996808c31b6477290a714d356e822",
                "shasum": ""
            },
            "require": {
                "php": ">=5.6"
            },
            "require-dev": {
                "php-coveralls/php-coveralls": "^2.1",
                "phpunit/phpunit": "^5 || ^6.5"
            },
            "type": "library",
            "autoload": {
                "files": [
                    "src/getallheaders.php"
                ]
            },
            "notification-url": "https://packagist.org/downloads/",
            "license": [
                "MIT"
            ],
            "authors": [
                {
                    "name": "Ralph Khattar",
                    "email": "ralph.khattar@gmail.com"
                }
            ],
            "description": "A polyfill for getallheaders.",
            "support": {
                "issues": "https://github.com/ralouphie/getallheaders/issues",
                "source": "https://github.com/ralouphie/getallheaders/tree/develop"
            },
            "time": "2019-03-08T08:55:37+00:00"
        },
        {
            "name": "symfony/deprecation-contracts",
            "version": "v2.4.0",
            "source": {
                "type": "git",
                "url": "https://github.com/symfony/deprecation-contracts.git",
                "reference": "5f38c8804a9e97d23e0c8d63341088cd8a22d627"
            },
            "dist": {
                "type": "zip",
                "url": "https://api.github.com/repos/symfony/deprecation-contracts/zipball/5f38c8804a9e97d23e0c8d63341088cd8a22d627",
                "reference": "5f38c8804a9e97d23e0c8d63341088cd8a22d627",
                "shasum": ""
            },
            "require": {
                "php": ">=7.1"
            },
            "type": "library",
            "extra": {
                "branch-alias": {
                    "dev-main": "2.4-dev"
                },
                "thanks": {
                    "name": "symfony/contracts",
                    "url": "https://github.com/symfony/contracts"
                }
            },
            "autoload": {
                "files": [
                    "function.php"
                ]
            },
            "notification-url": "https://packagist.org/downloads/",
            "license": [
                "MIT"
            ],
            "authors": [
                {
                    "name": "Nicolas Grekas",
                    "email": "p@tchwork.com"
                },
                {
                    "name": "Symfony Community",
                    "homepage": "https://symfony.com/contributors"
                }
            ],
            "description": "A generic function and convention to trigger deprecation notices",
            "homepage": "https://symfony.com",
            "support": {
                "source": "https://github.com/symfony/deprecation-contracts/tree/v2.4.0"
            },
            "funding": [
                {
                    "url": "https://symfony.com/sponsor",
                    "type": "custom"
                },
                {
                    "url": "https://github.com/fabpot",
                    "type": "github"
                },
                {
                    "url": "https://tidelift.com/funding/github/packagist/symfony/symfony",
                    "type": "tidelift"
                }
            ],
            "time": "2021-03-23T23:28:01+00:00"
        },
        {
            "name": "symfony/polyfill-ctype",
            "version": "v1.23.0",
            "source": {
                "type": "git",
                "url": "https://github.com/symfony/polyfill-ctype.git",
                "reference": "46cd95797e9df938fdd2b03693b5fca5e64b01ce"
            },
            "dist": {
                "type": "zip",
                "url": "https://api.github.com/repos/symfony/polyfill-ctype/zipball/46cd95797e9df938fdd2b03693b5fca5e64b01ce",
                "reference": "46cd95797e9df938fdd2b03693b5fca5e64b01ce",
                "shasum": ""
            },
            "require": {
                "php": ">=7.1"
            },
            "suggest": {
                "ext-ctype": "For best performance"
            },
            "type": "library",
            "extra": {
                "branch-alias": {
                    "dev-main": "1.23-dev"
                },
                "thanks": {
                    "name": "symfony/polyfill",
                    "url": "https://github.com/symfony/polyfill"
                }
            },
            "autoload": {
                "psr-4": {
                    "Symfony\\Polyfill\\Ctype\\": ""
                },
                "files": [
                    "bootstrap.php"
                ]
            },
            "notification-url": "https://packagist.org/downloads/",
            "license": [
                "MIT"
            ],
            "authors": [
                {
                    "name": "Gert de Pagter",
                    "email": "BackEndTea@gmail.com"
                },
                {
                    "name": "Symfony Community",
                    "homepage": "https://symfony.com/contributors"
                }
            ],
            "description": "Symfony polyfill for ctype functions",
            "homepage": "https://symfony.com",
            "keywords": [
                "compatibility",
                "ctype",
                "polyfill",
                "portable"
            ],
            "support": {
                "source": "https://github.com/symfony/polyfill-ctype/tree/v1.23.0"
            },
            "funding": [
                {
                    "url": "https://symfony.com/sponsor",
                    "type": "custom"
                },
                {
                    "url": "https://github.com/fabpot",
                    "type": "github"
                },
                {
                    "url": "https://tidelift.com/funding/github/packagist/symfony/symfony",
                    "type": "tidelift"
                }
            ],
            "time": "2021-02-19T12:13:01+00:00"
        },
        {
            "name": "symfony/yaml",
            "version": "v4.4.26",
            "source": {
                "type": "git",
                "url": "https://github.com/symfony/yaml.git",
                "reference": "e096ef4b4c4c9a2f72c2ac660f54352cd31c60f8"
            },
            "dist": {
                "type": "zip",
                "url": "https://api.github.com/repos/symfony/yaml/zipball/e096ef4b4c4c9a2f72c2ac660f54352cd31c60f8",
                "reference": "e096ef4b4c4c9a2f72c2ac660f54352cd31c60f8",
                "shasum": ""
            },
            "require": {
                "php": ">=7.1.3",
                "symfony/polyfill-ctype": "~1.8"
            },
            "conflict": {
                "symfony/console": "<3.4"
            },
            "require-dev": {
                "symfony/console": "^3.4|^4.0|^5.0"
            },
            "suggest": {
                "symfony/console": "For validating YAML files using the lint command"
            },
            "type": "library",
            "autoload": {
                "psr-4": {
                    "Symfony\\Component\\Yaml\\": ""
                },
                "exclude-from-classmap": [
                    "/Tests/"
                ]
            },
            "notification-url": "https://packagist.org/downloads/",
            "license": [
                "MIT"
            ],
            "authors": [
                {
                    "name": "Fabien Potencier",
                    "email": "fabien@symfony.com"
                },
                {
                    "name": "Symfony Community",
                    "homepage": "https://symfony.com/contributors"
                }
            ],
            "description": "Loads and dumps YAML files",
            "homepage": "https://symfony.com",
            "support": {
                "source": "https://github.com/symfony/yaml/tree/v4.4.26"
            },
            "funding": [
                {
                    "url": "https://symfony.com/sponsor",
                    "type": "custom"
                },
                {
                    "url": "https://github.com/fabpot",
                    "type": "github"
                },
                {
                    "url": "https://tidelift.com/funding/github/packagist/symfony/symfony",
                    "type": "tidelift"
                }
            ],
            "time": "2021-06-23T19:06:53+00:00"
        }
    ],
    "packages-dev": [],
    "aliases": [],
    "minimum-stability": "stable",
    "stability-flags": [],
    "prefer-stable": false,
    "prefer-lowest": false,
    "platform": [],
    "platform-dev": [],
    "plugin-api-version": "2.1.0"
}
